
Microsoft Visual Studio Solution File, Format Version 12.00
# Visual Studio 15
VisualStudioVersion = 15.0.28010.2019
MinimumVisualStudioVersion = 10.0.40219.1
Project("{FAE04EC0-301F-11D3-BF4B-00C04F79EFBC}") = "PPTBoardEditor", "PPTBoardEditor\PPTBoardEditor.csproj", "{EA0934B5-2CBF-4F32-934F-71C8BD29E3CB}"
EndProject
Global
	GlobalSection(SolutionConfigurationPlatforms) = preSolution
		Debug|Any CPU = Debug|Any CPU
		Release|Any CPU = Release|Any CPU
	EndGlobalSection
	GlobalSection(ProjectConfigurationPlatforms) = postSolution
		{EA0934B5-2CBF-4F32-934F-71C8BD29E3CB}.Debug|Any CPU.ActiveCfg = Debug|Any CPU
		{EA0934B5-2CBF-4F32-934F-71C8BD29E3CB}.Debug|Any CPU.Build.0 = Debug|Any CPU
		{EA0934B5-2CBF-4F32-934F-71C8BD29E3CB}.Release|Any CPU.ActiveCfg = Release|Any CPU
		{EA0934B5-2CBF-4F32-934F-71C8BD29E3CB}.Release|Any CPU.Build.0 = Release|Any CPU
	EndGlobalSection
	GlobalSection(SolutionProperties) = preSolution
		HideSolutionNode = FALSE
	EndGlobalSection
	GlobalSection(ExtensibilityGlobals) = postSolution
		SolutionGuid = {7ACADEAF-6353-4F6A-9646-9A640E7D20E9}
	EndGlobalSection
EndGlobal
